
Microsoft Visual Studio Solution File, Format Version 12.00
Project("{FAE04EC0-301F-11D3-BF4B-00C04F79EFBC}") = "SQL.Utilities", "src\SQL.Utilities.csproj", "{7409AC75-6AB8-4862-813A-DF6D7BB3F3B5}"
EndProject
Project("{2150E333-8FDC-42A3-9474-1A3956D46DE8}") = "Solution Items", "Solution Items", "{DA76890D-6F01-475C-8AAB-C8FAFFAF70A1}"
	ProjectSection(SolutionItems) = preProject
		.gitignore = .gitignore
		.gitlab-ci.yml = .gitlab-ci.yml
		CHANGELOG.md = CHANGELOG.md
		CONTRIBUTING.md = CONTRIBUTING.md
	EndProjectSection
EndProject
Project("{FAE04EC0-301F-11D3-BF4B-00C04F79EFBC}") = "SQL.Utilities.Test.Unit", "test\unit\SQL.Utilities.Test.Unit.csproj", "{6855EA56-D9CD-4C67-BED2-5C1C53BE5990}"
EndProject
Global
	GlobalSection(SolutionConfigurationPlatforms) = preSolution
		Debug|Any CPU = Debug|Any CPU
		Release|Any CPU = Release|Any CPU
	EndGlobalSection
	GlobalSection(ProjectConfigurationPlatforms) = postSolution
		{7409AC75-6AB8-4862-813A-DF6D7BB3F3B5}.Debug|Any CPU.ActiveCfg = Debug|Any CPU
		{7409AC75-6AB8-4862-813A-DF6D7BB3F3B5}.Debug|Any CPU.Build.0 = Debug|Any CPU
		{7409AC75-6AB8-4862-813A-DF6D7BB3F3B5}.Release|Any CPU.ActiveCfg = Release|Any CPU
		{7409AC75-6AB8-4862-813A-DF6D7BB3F3B5}.Release|Any CPU.Build.0 = Release|Any CPU
		{6855EA56-D9CD-4C67-BED2-5C1C53BE5990}.Debug|Any CPU.ActiveCfg = Debug|Any CPU
		{6855EA56-D9CD-4C67-BED2-5C1C53BE5990}.Debug|Any CPU.Build.0 = Debug|Any CPU
		{6855EA56-D9CD-4C67-BED2-5C1C53BE5990}.Release|Any CPU.ActiveCfg = Release|Any CPU
		{6855EA56-D9CD-4C67-BED2-5C1C53BE5990}.Release|Any CPU.Build.0 = Release|Any CPU
	EndGlobalSection
EndGlobal
